
Microsoft Visual Studio Solution File, Format Version 12.00
# Visual Studio 14
VisualStudioVersion = 14.0.25420.1
MinimumVisualStudioVersion = 10.0.40219.1
Project("{FAE04EC0-301F-11D3-BF4B-00C04F79EFBC}") = "HttpCache", "HttpCache\HttpCache.csproj", "{81EE4D9F-4DEC-4190-B7F7-D6FA54AE2499}"
EndProject
Project("{FAE04EC0-301F-11D3-BF4B-00C04F79EFBC}") = "EventSourcing", "EventSourcing\EventSourcing.csproj", "{5E48BF61-0026-4325-BD95-B9B0366161BA}"
EndProject
Global
	GlobalSection(SolutionConfigurationPlatforms) = preSolution
		Debug|Any CPU = Debug|Any CPU
		Release|Any CPU = Release|Any CPU
	EndGlobalSection
	GlobalSection(ProjectConfigurationPlatforms) = postSolution
		{81EE4D9F-4DEC-4190-B7F7-D6FA54AE2499}.Debug|Any CPU.ActiveCfg = Debug|Any CPU
		{81EE4D9F-4DEC-4190-B7F7-D6FA54AE2499}.Debug|Any CPU.Build.0 = Debug|Any CPU
		{81EE4D9F-4DEC-4190-B7F7-D6FA54AE2499}.Release|Any CPU.ActiveCfg = Release|Any CPU
		{81EE4D9F-4DEC-4190-B7F7-D6FA54AE2499}.Release|Any CPU.Build.0 = Release|Any CPU
		{5E48BF61-0026-4325-BD95-B9B0366161BA}.Debug|Any CPU.ActiveCfg = Debug|Any CPU
		{5E48BF61-0026-4325-BD95-B9B0366161BA}.Debug|Any CPU.Build.0 = Debug|Any CPU
		{5E48BF61-0026-4325-BD95-B9B0366161BA}.Release|Any CPU.ActiveCfg = Release|Any CPU
		{5E48BF61-0026-4325-BD95-B9B0366161BA}.Release|Any CPU.Build.0 = Release|Any CPU
	EndGlobalSection
	GlobalSection(SolutionProperties) = preSolution
		HideSolutionNode = FALSE
	EndGlobalSection
EndGlobal
